
Microsoft Visual Studio Solution File, Format Version 10.00
# Visual Studio 2008
Project("{8BC9CEB8-8B4A-11D0-8D11-00A0C91BC942}") = "IRobot", "IRobot\IRobot.vcproj", "{8C71D8B2-EEEA-4B79-B445-00D45578E142}"
EndProject
Global
	GlobalSection(SolutionConfigurationPlatforms) = preSolution
		Debug|Win32 = Debug|Win32
		Release|Win32 = Release|Win32
	EndGlobalSection
	GlobalSection(ProjectConfigurationPlatforms) = postSolution
		{8C71D8B2-EEEA-4B79-B445-00D45578E142}.Debug|Win32.ActiveCfg = Debug|Win32
		{8C71D8B2-EEEA-4B79-B445-00D45578E142}.Debug|Win32.Build.0 = Debug|Win32
		{8C71D8B2-EEEA-4B79-B445-00D45578E142}.Release|Win32.ActiveCfg = Release|Win32
		{8C71D8B2-EEEA-4B79-B445-00D45578E142}.Release|Win32.Build.0 = Release|Win32
	EndGlobalSection
	GlobalSection(SolutionProperties) = preSolution
		HideSolutionNode = FALSE
	EndGlobalSection
EndGlobal
